# Fully resolved Python 3.12 environment for macOS 14+ on Apple silicon.
# Regenerate intentionally with:
# MACOSX_DEPLOYMENT_TARGET=14.0 uv pip compile pyproject.toml \
#   macos/build-requirements.in --extra dev \
#   --python-platform aarch64-apple-darwin --python-version 3.12 \
#   --no-annotate --no-header --output-file macos/build-requirements.lock
aiohappyeyeballs==2.7.1
aiohttp==3.14.3
aiosignal==1.4.0
altgraph==0.17.5
annotated-doc==0.0.5
annotated-types==0.8.0
antlr4-python3-runtime==4.9.3
anyio==4.14.2
attrs==26.1.0
certifi==2026.7.22
charset-normalizer==3.5.1
click==8.5.0
colorlog==6.12.0
debugpy==1.8.21
edge-tts==7.2.8
et-xmlfile==2.0.0
fastapi==0.141.1
filelock==3.32.4
flatbuffers==25.12.19
frozenlist==1.8.0
fsspec==2026.7.0
gradio-client==1.14.0
greenlet==3.5.5
h11==0.16.0
hf-xet==1.6.0
httpcore==1.0.9
httptools==0.8.0
httpx==0.28.1
huggingface-hub==1.28.0
idna==3.19
iniconfig==2.3.0
lark-oapi==1.7.3
lxml==6.1.2
macholib==1.16.4
mouseinfo==0.1.3
multidict==6.7.1
numpy==2.5.2
omegaconf==2.3.1
onnxruntime==1.29.0
opencv-python==5.0.0.93
openpyxl==3.1.5
packaging==26.3
pillow==12.3.0
pip==26.2.1
playwright==1.62.0
pluggy==1.6.0
propcache==0.5.2
protobuf==7.36.0
psutil==7.2.2
pyautogui==0.9.54
pyclipper==1.4.0
pycryptodome==3.23.0
pydantic==2.13.4
pydantic-core==2.46.4
pydantic-settings==2.15.0
pyee==13.0.1
pygetwindow==0.0.9
pygments==2.21.0
pyinstaller==6.22.2
pyinstaller-hooks-contrib==2026.7
pymsgbox==2.0.1
pyobjc-core==12.2.2
pyobjc-framework-cocoa==12.2.2
pyobjc-framework-coreml==12.2.2
pyobjc-framework-quartz==12.2.2
pyobjc-framework-vision==12.2.2
pypdf==6.16.2
pyperclip==1.11.0
pyrect==0.2.0
pyscreeze==1.0.1
pytest==9.1.1
pytest-asyncio==1.4.0
python-docx==1.2.0
python-dotenv==1.2.3
python-pptx==1.0.2
pytweening==1.2.0
pyyaml==6.0.3
qrcode==8.2
rapidocr==3.9.2
reportlab==4.5.1
requests==2.34.2
requests-toolbelt==1.0.0
rubicon-objc==0.5.6
ruff==0.16.4
setuptools==84.0.0
shapely==2.1.2
six==1.17.0
starlette==1.6.0
striprtf==0.0.33
tabulate==0.10.0
tqdm==4.70.0
typing-extensions==4.16.0
typing-inspection==0.4.4
urllib3==2.7.0
uvicorn==0.52.4
uvloop==0.22.1
watchfiles==1.2.0
websockets==15.0.1
wheel==0.48.0
xlrd==2.0.2
xlsxwriter==3.2.9
yarl==1.24.5
